
Microsoft Visual Studio Solution File, Format Version 12.00
# Visual Studio Version 16
VisualStudioVersion = 16.0.30621.155
MinimumVisualStudioVersion = 10.0.40219.1
Project("{FAE04EC0-301F-11D3-BF4B-00C04F79EFBC}") = "Task-Monitor.Android", "sources\Task-Monitor.Android\Task-Monitor.Android.csproj", "{6A9EDF82-4DDF-4931-A261-AF9D2E0882BF}"
EndProject
Project("{FAE04EC0-301F-11D3-BF4B-00C04F79EFBC}") = "Task-Monitor.iOS", "sources\Task-Monitor.iOS\Task-Monitor.iOS.csproj", "{AE040C9B-F6A1-401E-8F0B-23FE963F6266}"
EndProject
Project("{9A19103F-16F7-4668-BE54-9A1E7A4F7556}") = "Task-Monitor", "sources\Task-Monitor\Task-Monitor.csproj", "{2D166CD1-280F-45E4-AB81-4A468B13C25A}"
EndProject
Project("{FAE04EC0-301F-11D3-BF4B-00C04F79EFBC}") = "Task-Monitor.UITests", "tests\Task-Monitor.UITest\Task-Monitor.UITests.csproj", "{68AE2627-D220-4F78-8FE0-B6743360F03A}"
EndProject
Project("{FAE04EC0-301F-11D3-BF4B-00C04F79EFBC}") = "Task-Monitor.Tests", "tests\Task-Monitor.Tests\Task-Monitor.Tests.csproj", "{F4E202C6-B79B-4C35-8B33-74D6279D7860}"
EndProject
Global
	GlobalSection(SolutionConfigurationPlatforms) = preSolution
		Debug|Any CPU = Debug|Any CPU
		Debug|iPhone = Debug|iPhone
		Debug|iPhoneSimulator = Debug|iPhoneSimulator
		Release|Any CPU = Release|Any CPU
		Release|iPhone = Release|iPhone
		Release|iPhoneSimulator = Release|iPhoneSimulator
	EndGlobalSection
	GlobalSection(ProjectConfigurationPlatforms) = postSolution
		{6A9EDF82-4DDF-4931-A261-AF9D2E0882BF}.Debug|Any CPU.ActiveCfg = Debug|Any CPU
		{6A9EDF82-4DDF-4931-A261-AF9D2E0882BF}.Debug|Any CPU.Build.0 = Debug|Any CPU
		{6A9EDF82-4DDF-4931-A261-AF9D2E0882BF}.Debug|Any CPU.Deploy.0 = Debug|Any CPU
		{6A9EDF82-4DDF-4931-A261-AF9D2E0882BF}.Debug|iPhone.ActiveCfg = Debug|Any CPU
		{6A9EDF82-4DDF-4931-A261-AF9D2E0882BF}.Debug|iPhone.Build.0 = Debug|Any CPU
		{6A9EDF82-4DDF-4931-A261-AF9D2E0882BF}.Debug|iPhone.Deploy.0 = Debug|Any CPU
		{6A9EDF82-4DDF-4931-A261-AF9D2E0882BF}.Debug|iPhoneSimulator.ActiveCfg = Debug|Any CPU
		{6A9EDF82-4DDF-4931-A261-AF9D2E0882BF}.Debug|iPhoneSimulator.Build.0 = Debug|Any CPU
		{6A9EDF82-4DDF-4931-A261-AF9D2E0882BF}.Debug|iPhoneSimulator.Deploy.0 = Debug|Any CPU
		{6A9EDF82-4DDF-4931-A261-AF9D2E0882BF}.Release|Any CPU.ActiveCfg = Release|Any CPU
		{6A9EDF82-4DDF-4931-A261-AF9D2E0882BF}.Release|Any CPU.Build.0 = Release|Any CPU
		{6A9EDF82-4DDF-4931-A261-AF9D2E0882BF}.Release|Any CPU.Deploy.0 = Release|Any CPU
		{6A9EDF82-4DDF-4931-A261-AF9D2E0882BF}.Release|iPhone.ActiveCfg = Release|Any CPU
		{6A9EDF82-4DDF-4931-A261-AF9D2E0882BF}.Release|iPhone.Build.0 = Release|Any CPU
		{6A9EDF82-4DDF-4931-A261-AF9D2E0882BF}.Release|iPhone.Deploy.0 = Release|Any CPU
		{6A9EDF82-4DDF-4931-A261-AF9D2E0882BF}.Release|iPhoneSimulator.ActiveCfg = Release|Any CPU
		{6A9EDF82-4DDF-4931-A261-AF9D2E0882BF}.Release|iPhoneSimulator.Build.0 = Release|Any CPU
		{6A9EDF82-4DDF-4931-A261-AF9D2E0882BF}.Release|iPhoneSimulator.Deploy.0 = Release|Any CPU
		{AE040C9B-F6A1-401E-8F0B-23FE963F6266}.Debug|Any CPU.ActiveCfg = Debug|iPhone
		{AE040C9B-F6A1-401E-8F0B-23FE963F6266}.Debug|Any CPU.Build.0 = Debug|iPhone
		{AE040C9B-F6A1-401E-8F0B-23FE963F6266}.Debug|Any CPU.Deploy.0 = Debug|iPhone
		{AE040C9B-F6A1-401E-8F0B-23FE963F6266}.Debug|iPhone.ActiveCfg = Debug|iPhone
		{AE040C9B-F6A1-401E-8F0B-23FE963F6266}.Debug|iPhone.Build.0 = Debug|iPhone
		{AE040C9B-F6A1-401E-8F0B-23FE963F6266}.Debug|iPhone.Deploy.0 = Debug|iPhone
		{AE040C9B-F6A1-401E-8F0B-23FE963F6266}.Debug|iPhoneSimulator.ActiveCfg = Debug|iPhoneSimulator
		{AE040C9B-F6A1-401E-8F0B-23FE963F6266}.Debug|iPhoneSimulator.Build.0 = Debug|iPhoneSimulator
		{AE040C9B-F6A1-401E-8F0B-23FE963F6266}.Debug|iPhoneSimulator.Deploy.0 = Debug|iPhoneSimulator
		{AE040C9B-F6A1-401E-8F0B-23FE963F6266}.Release|Any CPU.ActiveCfg = Release|iPhoneSimulator
		{AE040C9B-F6A1-401E-8F0B-23FE963F6266}.Release|Any CPU.Build.0 = Release|iPhoneSimulator
		{AE040C9B-F6A1-401E-8F0B-23FE963F6266}.Release|Any CPU.Deploy.0 = Release|iPhoneSimulator
		{AE040C9B-F6A1-401E-8F0B-23FE963F6266}.Release|iPhone.ActiveCfg = Release|iPhone
		{AE040C9B-F6A1-401E-8F0B-23FE963F6266}.Release|iPhone.Build.0 = Release|iPhone
		{AE040C9B-F6A1-401E-8F0B-23FE963F6266}.Release|iPhone.Deploy.0 = Release|iPhone
		{AE040C9B-F6A1-401E-8F0B-23FE963F6266}.Release|iPhoneSimulator.ActiveCfg = Release|iPhoneSimulator
		{AE040C9B-F6A1-401E-8F0B-23FE963F6266}.Release|iPhoneSimulator.Build.0 = Release|iPhoneSimulator
		{AE040C9B-F6A1-401E-8F0B-23FE963F6266}.Release|iPhoneSimulator.Deploy.0 = Release|iPhoneSimulator
		{2D166CD1-280F-45E4-AB81-4A468B13C25A}.Debug|Any CPU.ActiveCfg = Debug|Any CPU
		{2D166CD1-280F-45E4-AB81-4A468B13C25A}.Debug|Any CPU.Build.0 = Debug|Any CPU
		{2D166CD1-280F-45E4-AB81-4A468B13C25A}.Debug|Any CPU.Deploy.0 = Debug|Any CPU
		{2D166CD1-280F-45E4-AB81-4A468B13C25A}.Debug|iPhone.ActiveCfg = Debug|Any CPU
		{2D166CD1-280F-45E4-AB81-4A468B13C25A}.Debug|iPhone.Build.0 = Debug|Any CPU
		{2D166CD1-280F-45E4-AB81-4A468B13C25A}.Debug|iPhone.Deploy.0 = Debug|Any CPU
		{2D166CD1-280F-45E4-AB81-4A468B13C25A}.Debug|iPhoneSimulator.ActiveCfg = Debug|Any CPU
		{2D166CD1-280F-45E4-AB81-4A468B13C25A}.Debug|iPhoneSimulator.Build.0 = Debug|Any CPU
		{2D166CD1-280F-45E4-AB81-4A468B13C25A}.Debug|iPhoneSimulator.Deploy.0 = Debug|Any CPU
		{2D166CD1-280F-45E4-AB81-4A468B13C25A}.Release|Any CPU.ActiveCfg = Release|Any CPU
		{2D166CD1-280F-45E4-AB81-4A468B13C25A}.Release|Any CPU.Build.0 = Release|Any CPU
		{2D166CD1-280F-45E4-AB81-4A468B13C25A}.Release|Any CPU.Deploy.0 = Release|Any CPU
		{2D166CD1-280F-45E4-AB81-4A468B13C25A}.Release|iPhone.ActiveCfg = Release|Any CPU
		{2D166CD1-280F-45E4-AB81-4A468B13C25A}.Release|iPhone.Build.0 = Release|Any CPU
		{2D166CD1-280F-45E4-AB81-4A468B13C25A}.Release|iPhone.Deploy.0 = Release|Any CPU
		{2D166CD1-280F-45E4-AB81-4A468B13C25A}.Release|iPhoneSimulator.ActiveCfg = Release|Any CPU
		{2D166CD1-280F-45E4-AB81-4A468B13C25A}.Release|iPhoneSimulator.Build.0 = Release|Any CPU
		{2D166CD1-280F-45E4-AB81-4A468B13C25A}.Release|iPhoneSimulator.Deploy.0 = Release|Any CPU
		{68AE2627-D220-4F78-8FE0-B6743360F03A}.Debug|Any CPU.ActiveCfg = Debug|Any CPU
		{68AE2627-D220-4F78-8FE0-B6743360F03A}.Debug|Any CPU.Build.0 = Debug|Any CPU
		{68AE2627-D220-4F78-8FE0-B6743360F03A}.Debug|iPhone.ActiveCfg = Debug|Any CPU
		{68AE2627-D220-4F78-8FE0-B6743360F03A}.Debug|iPhone.Build.0 = Debug|Any CPU
		{68AE2627-D220-4F78-8FE0-B6743360F03A}.Debug|iPhoneSimulator.ActiveCfg = Debug|Any CPU
		{68AE2627-D220-4F78-8FE0-B6743360F03A}.Debug|iPhoneSimulator.Build.0 = Debug|Any CPU
		{68AE2627-D220-4F78-8FE0-B6743360F03A}.Release|Any CPU.ActiveCfg = Release|Any CPU
		{68AE2627-D220-4F78-8FE0-B6743360F03A}.Release|Any CPU.Build.0 = Release|Any CPU
		{68AE2627-D220-4F78-8FE0-B6743360F03A}.Release|iPhone.ActiveCfg = Release|Any CPU
		{68AE2627-D220-4F78-8FE0-B6743360F03A}.Release|iPhone.Build.0 = Release|Any CPU
		{68AE2627-D220-4F78-8FE0-B6743360F03A}.Release|iPhoneSimulator.ActiveCfg = Release|Any CPU
		{68AE2627-D220-4F78-8FE0-B6743360F03A}.Release|iPhoneSimulator.Build.0 = Release|Any CPU
		{F4E202C6-B79B-4C35-8B33-74D6279D7860}.Debug|Any CPU.ActiveCfg = Debug|Any CPU
		{F4E202C6-B79B-4C35-8B33-74D6279D7860}.Debug|Any CPU.Build.0 = Debug|Any CPU
		{F4E202C6-B79B-4C35-8B33-74D6279D7860}.Debug|iPhone.ActiveCfg = Debug|Any CPU
		{F4E202C6-B79B-4C35-8B33-74D6279D7860}.Debug|iPhone.Build.0 = Debug|Any CPU
		{F4E202C6-B79B-4C35-8B33-74D6279D7860}.Debug|iPhoneSimulator.ActiveCfg = Debug|Any CPU
		{F4E202C6-B79B-4C35-8B33-74D6279D7860}.Debug|iPhoneSimulator.Build.0 = Debug|Any CPU
		{F4E202C6-B79B-4C35-8B33-74D6279D7860}.Release|Any CPU.ActiveCfg = Release|Any CPU
		{F4E202C6-B79B-4C35-8B33-74D6279D7860}.Release|Any CPU.Build.0 = Release|Any CPU
		{F4E202C6-B79B-4C35-8B33-74D6279D7860}.Release|iPhone.ActiveCfg = Release|Any CPU
		{F4E202C6-B79B-4C35-8B33-74D6279D7860}.Release|iPhone.Build.0 = Release|Any CPU
		{F4E202C6-B79B-4C35-8B33-74D6279D7860}.Release|iPhoneSimulator.ActiveCfg = Release|Any CPU
		{F4E202C6-B79B-4C35-8B33-74D6279D7860}.Release|iPhoneSimulator.Build.0 = Release|Any CPU
	EndGlobalSection
	GlobalSection(SolutionProperties) = preSolution
		HideSolutionNode = FALSE
	EndGlobalSection
	GlobalSection(ExtensibilityGlobals) = postSolution
		SolutionGuid = {728A1E3D-C078-4BEA-A33D-B02A96D978D1}
	EndGlobalSection
EndGlobal
